
Microsoft Visual Studio Solution File, Format Version 12.00
# Visual Studio 14
VisualStudioVersion = 14.0.25420.1
MinimumVisualStudioVersion = 10.0.40219.1
Project("{FAE04EC0-301F-11D3-BF4B-00C04F79EFBC}") = "MortgageCalculator.Droid", "MortgageCalculator\MortgageCalculator.Droid\MortgageCalculator.Droid.csproj", "{00937695-9A0B-4D36-8ADA-C8E2AD94346D}"
EndProject
Project("{FAE04EC0-301F-11D3-BF4B-00C04F79EFBC}") = "MortgageCalculator.iOS", "MortgageCalculator\MortgageCalculator.iOS\MortgageCalculator.iOS.csproj", "{F9CD03CB-26D7-444F-8C8A-C93B2460E12F}"
EndProject
Project("{FAE04EC0-301F-11D3-BF4B-00C04F79EFBC}") = "MortgageCalculator.WinPhone", "MortgageCalculator\MortgageCalculator.WinPhone\MortgageCalculator.WinPhone.csproj", "{25FABCCD-0284-48F3-818D-1AB10AE7F7E5}"
EndProject
Project("{FAE04EC0-301F-11D3-BF4B-00C04F79EFBC}") = "MortgageCalculator.UWP", "MortgageCalculator\MortgageCalculator.UWP\MortgageCalculator.UWP.csproj", "{6B21159D-772B-45A2-AF49-43AE47289B64}"
EndProject
Project("{FAE04EC0-301F-11D3-BF4B-00C04F79EFBC}") = "MortgageCalculator.Windows", "MortgageCalculator\MortgageCalculator.Windows\MortgageCalculator.Windows.csproj", "{CC13F32F-697A-412F-ABBA-7E1D2E37BDF7}"
EndProject
Project("{FAE04EC0-301F-11D3-BF4B-00C04F79EFBC}") = "MortgageCalculator", "MortgageCalculator\MortgageCalculator\MortgageCalculator.csproj", "{9BEED28F-2BF4-45FF-AB01-B3DBF1B4CD46}"
EndProject
Global
	GlobalSection(SolutionConfigurationPlatforms) = preSolution
		Ad-Hoc|Any CPU = Ad-Hoc|Any CPU
		Ad-Hoc|ARM = Ad-Hoc|ARM
		Ad-Hoc|iPhone = Ad-Hoc|iPhone
		Ad-Hoc|iPhoneSimulator = Ad-Hoc|iPhoneSimulator
		Ad-Hoc|x64 = Ad-Hoc|x64
		Ad-Hoc|x86 = Ad-Hoc|x86
		AppStore|Any CPU = AppStore|Any CPU
		AppStore|ARM = AppStore|ARM
		AppStore|iPhone = AppStore|iPhone
		AppStore|iPhoneSimulator = AppStore|iPhoneSimulator
		AppStore|x64 = AppStore|x64
		AppStore|x86 = AppStore|x86
		Debug|Any CPU = Debug|Any CPU
		Debug|ARM = Debug|ARM
		Debug|iPhone = Debug|iPhone
		Debug|iPhoneSimulator = Debug|iPhoneSimulator
		Debug|x64 = Debug|x64
		Debug|x86 = Debug|x86
		Release|Any CPU = Release|Any CPU
		Release|ARM = Release|ARM
		Release|iPhone = Release|iPhone
		Release|iPhoneSimulator = Release|iPhoneSimulator
		Release|x64 = Release|x64
		Release|x86 = Release|x86
	EndGlobalSection
	GlobalSection(ProjectConfigurationPlatforms) = postSolution
		{00937695-9A0B-4D36-8ADA-C8E2AD94346D}.Ad-Hoc|Any CPU.ActiveCfg = Release|Any CPU
		{00937695-9A0B-4D36-8ADA-C8E2AD94346D}.Ad-Hoc|Any CPU.Build.0 = Release|Any CPU
		{00937695-9A0B-4D36-8ADA-C8E2AD94346D}.Ad-Hoc|Any CPU.Deploy.0 = Release|Any CPU
		{00937695-9A0B-4D36-8ADA-C8E2AD94346D}.Ad-Hoc|ARM.ActiveCfg = Release|Any CPU
		{00937695-9A0B-4D36-8ADA-C8E2AD94346D}.Ad-Hoc|ARM.Build.0 = Release|Any CPU
		{00937695-9A0B-4D36-8ADA-C8E2AD94346D}.Ad-Hoc|ARM.Deploy.0 = Release|Any CPU
		{00937695-9A0B-4D36-8ADA-C8E2AD94346D}.Ad-Hoc|iPhone.ActiveCfg = Release|Any CPU
		{00937695-9A0B-4D36-8ADA-C8E2AD94346D}.Ad-Hoc|iPhone.Build.0 = Release|Any CPU
		{00937695-9A0B-4D36-8ADA-C8E2AD94346D}.Ad-Hoc|iPhone.Deploy.0 = Release|Any CPU
		{00937695-9A0B-4D36-8ADA-C8E2AD94346D}.Ad-Hoc|iPhoneSimulator.ActiveCfg = Release|Any CPU
		{00937695-9A0B-4D36-8ADA-C8E2AD94346D}.Ad-Hoc|iPhoneSimulator.Build.0 = Release|Any CPU
		{00937695-9A0B-4D36-8ADA-C8E2AD94346D}.Ad-Hoc|iPhoneSimulator.Deploy.0 = Release|Any CPU
		{00937695-9A0B-4D36-8ADA-C8E2AD94346D}.Ad-Hoc|x64.ActiveCfg = Release|Any CPU
		{00937695-9A0B-4D36-8ADA-C8E2AD94346D}.Ad-Hoc|x64.Build.0 = Release|Any CPU
		{00937695-9A0B-4D36-8ADA-C8E2AD94346D}.Ad-Hoc|x64.Deploy.0 = Release|Any CPU
		{00937695-9A0B-4D36-8ADA-C8E2AD94346D}.Ad-Hoc|x86.ActiveCfg = Release|Any CPU
		{00937695-9A0B-4D36-8ADA-C8E2AD94346D}.Ad-Hoc|x86.Build.0 = Release|Any CPU
		{00937695-9A0B-4D36-8ADA-C8E2AD94346D}.Ad-Hoc|x86.Deploy.0 = Release|Any CPU
		{00937695-9A0B-4D36-8ADA-C8E2AD94346D}.AppStore|Any CPU.ActiveCfg = Release|Any CPU
		{00937695-9A0B-4D36-8ADA-C8E2AD94346D}.AppStore|Any CPU.Build.0 = Release|Any CPU
		{00937695-9A0B-4D36-8ADA-C8E2AD94346D}.AppStore|Any CPU.Deploy.0 = Release|Any CPU
		{00937695-9A0B-4D36-8ADA-C8E2AD94346D}.AppStore|ARM.ActiveCfg = Release|Any CPU
		{00937695-9A0B-4D36-8ADA-C8E2AD94346D}.AppStore|ARM.Build.0 = Release|Any CPU
		{00937695-9A0B-4D36-8ADA-C8E2AD94346D}.AppStore|ARM.Deploy.0 = Release|Any CPU
		{00937695-9A0B-4D36-8ADA-C8E2AD94346D}.AppStore|iPhone.ActiveCfg = Release|Any CPU
		{00937695-9A0B-4D36-8ADA-C8E2AD94346D}.AppStore|iPhone.Build.0 = Release|Any CPU
		{00937695-9A0B-4D36-8ADA-C8E2AD94346D}.AppStore|iPhone.Deploy.0 = Release|Any CPU
		{00937695-9A0B-4D36-8ADA-C8E2AD94346D}.AppStore|iPhoneSimulator.ActiveCfg = Release|Any CPU
		{00937695-9A0B-4D36-8ADA-C8E2AD94346D}.AppStore|iPhoneSimulator.Build.0 = Release|Any CPU
		{00937695-9A0B-4D36-8ADA-C8E2AD94346D}.AppStore|iPhoneSimulator.Deploy.0 = Release|Any CPU
		{00937695-9A0B-4D36-8ADA-C8E2AD94346D}.AppStore|x64.ActiveCfg = Release|Any CPU
		{00937695-9A0B-4D36-8ADA-C8E2AD94346D}.AppStore|x64.Build.0 = Release|Any CPU
		{00937695-9A0B-4D36-8ADA-C8E2AD94346D}.AppStore|x64.Deploy.0 = Release|Any CPU
		{00937695-9A0B-4D36-8ADA-C8E2AD94346D}.AppStore|x86.ActiveCfg = Release|Any CPU
		{00937695-9A0B-4D36-8ADA-C8E2AD94346D}.AppStore|x86.Build.0 = Release|Any CPU
		{00937695-9A0B-4D36-8ADA-C8E2AD94346D}.AppStore|x86.Deploy.0 = Release|Any CPU
		{00937695-9A0B-4D36-8ADA-C8E2AD94346D}.Debug|Any CPU.ActiveCfg = Debug|Any CPU
		{00937695-9A0B-4D36-8ADA-C8E2AD94346D}.Debug|Any CPU.Build.0 = Debug|Any CPU
		{00937695-9A0B-4D36-8ADA-C8E2AD94346D}.Debug|Any CPU.Deploy.0 = Debug|Any CPU
		{00937695-9A0B-4D36-8ADA-C8E2AD94346D}.Debug|ARM.ActiveCfg = Debug|Any CPU
		{00937695-9A0B-4D36-8ADA-C8E2AD94346D}.Debug|ARM.Build.0 = Debug|Any CPU
		{00937695-9A0B-4D36-8ADA-C8E2AD94346D}.Debug|ARM.Deploy.0 = Debug|Any CPU
		{00937695-9A0B-4D36-8ADA-C8E2AD94346D}.Debug|iPhone.ActiveCfg = Debug|Any CPU
		{00937695-9A0B-4D36-8ADA-C8E2AD94346D}.Debug|iPhone.Build.0 = Debug|Any CPU
		{00937695-9A0B-4D36-8ADA-C8E2AD94346D}.Debug|iPhone.Deploy.0 = Debug|Any CPU
		{00937695-9A0B-4D36-8ADA-C8E2AD94346D}.Debug|iPhoneSimulator.ActiveCfg = Debug|Any CPU
		{00937695-9A0B-4D36-8ADA-C8E2AD94346D}.Debug|iPhoneSimulator.Build.0 = Debug|Any CPU
		{00937695-9A0B-4D36-8ADA-C8E2AD94346D}.Debug|iPhoneSimulator.Deploy.0 = Debug|Any CPU
		{00937695-9A0B-4D36-8ADA-C8E2AD94346D}.Debug|x64.ActiveCfg = Debug|Any CPU
		{00937695-9A0B-4D36-8ADA-C8E2AD94346D}.Debug|x64.Build.0 = Debug|Any CPU
		{00937695-9A0B-4D36-8ADA-C8E2AD94346D}.Debug|x64.Deploy.0 = Debug|Any CPU
		{00937695-9A0B-4D36-8ADA-C8E2AD94346D}.Debug|x86.ActiveCfg = Debug|Any CPU
		{00937695-9A0B-4D36-8ADA-C8E2AD94346D}.Debug|x86.Build.0 = Debug|Any CPU
		{00937695-9A0B-4D36-8ADA-C8E2AD94346D}.Debug|x86.Deploy.0 = Debug|Any CPU
		{00937695-9A0B-4D36-8ADA-C8E2AD94346D}.Release|Any CPU.ActiveCfg = Release|Any CPU
		{00937695-9A0B-4D36-8ADA-C8E2AD94346D}.Release|Any CPU.Build.0 = Release|Any CPU
		{00937695-9A0B-4D36-8ADA-C8E2AD94346D}.Release|Any CPU.Deploy.0 = Release|Any CPU
		{00937695-9A0B-4D36-8ADA-C8E2AD94346D}.Release|ARM.ActiveCfg = Release|Any CPU
		{00937695-9A0B-4D36-8ADA-C8E2AD94346D}.Release|ARM.Build.0 = Release|Any CPU
		{00937695-9A0B-4D36-8ADA-C8E2AD94346D}.Release|ARM.Deploy.0 = Release|Any CPU
		{00937695-9A0B-4D36-8ADA-C8E2AD94346D}.Release|iPhone.ActiveCfg = Release|Any CPU
		{00937695-9A0B-4D36-8ADA-C8E2AD94346D}.Release|iPhone.Build.0 = Release|Any CPU
		{00937695-9A0B-4D36-8ADA-C8E2AD94346D}.Release|iPhone.Deploy.0 = Release|Any CPU
		{00937695-9A0B-4D36-8ADA-C8E2AD94346D}.Release|iPhoneSimulator.ActiveCfg = Release|Any CPU
		{00937695-9A0B-4D36-8ADA-C8E2AD94346D}.Release|iPhoneSimulator.Build.0 = Release|Any CPU
		{00937695-9A0B-4D36-8ADA-C8E2AD94346D}.Release|iPhoneSimulator.Deploy.0 = Release|Any CPU
		{00937695-9A0B-4D36-8ADA-C8E2AD94346D}.Release|x64.ActiveCfg = Release|Any CPU
		{00937695-9A0B-4D36-8ADA-C8E2AD94346D}.Release|x64.Build.0 = Release|Any CPU
		{00937695-9A0B-4D36-8ADA-C8E2AD94346D}.Release|x64.Deploy.0 = Release|Any CPU
		{00937695-9A0B-4D36-8ADA-C8E2AD94346D}.Release|x86.ActiveCfg = Release|Any CPU
		{00937695-9A0B-4D36-8ADA-C8E2AD94346D}.Release|x86.Build.0 = Release|Any CPU
		{00937695-9A0B-4D36-8ADA-C8E2AD94346D}.Release|x86.Deploy.0 = Release|Any CPU
		{F9CD03CB-26D7-444F-8C8A-C93B2460E12F}.Ad-Hoc|Any CPU.ActiveCfg = Ad-Hoc|iPhone
		{F9CD03CB-26D7-444F-8C8A-C93B2460E12F}.Ad-Hoc|ARM.ActiveCfg = Ad-Hoc|iPhone
		{F9CD03CB-26D7-444F-8C8A-C93B2460E12F}.Ad-Hoc|iPhone.ActiveCfg = Ad-Hoc|iPhone
		{F9CD03CB-26D7-444F-8C8A-C93B2460E12F}.Ad-Hoc|iPhone.Build.0 = Ad-Hoc|iPhone
		{F9CD03CB-26D7-444F-8C8A-C93B2460E12F}.Ad-Hoc|iPhoneSimulator.ActiveCfg = Ad-Hoc|iPhoneSimulator
		{F9CD03CB-26D7-444F-8C8A-C93B2460E12F}.Ad-Hoc|iPhoneSimulator.Build.0 = Ad-Hoc|iPhoneSimulator
		{F9CD03CB-26D7-444F-8C8A-C93B2460E12F}.Ad-Hoc|x64.ActiveCfg = Ad-Hoc|iPhone
		{F9CD03CB-26D7-444F-8C8A-C93B2460E12F}.Ad-Hoc|x86.ActiveCfg = Ad-Hoc|iPhone
		{F9CD03CB-26D7-444F-8C8A-C93B2460E12F}.AppStore|Any CPU.ActiveCfg = AppStore|iPhone
		{F9CD03CB-26D7-444F-8C8A-C93B2460E12F}.AppStore|ARM.ActiveCfg = AppStore|iPhone
		{F9CD03CB-26D7-444F-8C8A-C93B2460E12F}.AppStore|iPhone.ActiveCfg = AppStore|iPhone
		{F9CD03CB-26D7-444F-8C8A-C93B2460E12F}.AppStore|iPhone.Build.0 = AppStore|iPhone
		{F9CD03CB-26D7-444F-8C8A-C93B2460E12F}.AppStore|iPhoneSimulator.ActiveCfg = AppStore|iPhoneSimulator
		{F9CD03CB-26D7-444F-8C8A-C93B2460E12F}.AppStore|iPhoneSimulator.Build.0 = AppStore|iPhoneSimulator
		{F9CD03CB-26D7-444F-8C8A-C93B2460E12F}.AppStore|x64.ActiveCfg = AppStore|iPhone
		{F9CD03CB-26D7-444F-8C8A-C93B2460E12F}.AppStore|x86.ActiveCfg = AppStore|iPhone
		{F9CD03CB-26D7-444F-8C8A-C93B2460E12F}.Debug|Any CPU.ActiveCfg = Debug|iPhone
		{F9CD03CB-26D7-444F-8C8A-C93B2460E12F}.Debug|Any CPU.Build.0 = Debug|iPhone
		{F9CD03CB-26D7-444F-8C8A-C93B2460E12F}.Debug|ARM.ActiveCfg = Debug|iPhone
		{F9CD03CB-26D7-444F-8C8A-C93B2460E12F}.Debug|iPhone.ActiveCfg = Debug|iPhone
		{F9CD03CB-26D7-444F-8C8A-C93B2460E12F}.Debug|iPhone.Build.0 = Debug|iPhone
		{F9CD03CB-26D7-444F-8C8A-C93B2460E12F}.Debug|iPhoneSimulator.ActiveCfg = Debug|iPhoneSimulator
		{F9CD03CB-26D7-444F-8C8A-C93B2460E12F}.Debug|iPhoneSimulator.Build.0 = Debug|iPhoneSimulator
		{F9CD03CB-26D7-444F-8C8A-C93B2460E12F}.Debug|x64.ActiveCfg = Debug|iPhone
		{F9CD03CB-26D7-444F-8C8A-C93B2460E12F}.Debug|x86.ActiveCfg = Debug|iPhone
		{F9CD03CB-26D7-444F-8C8A-C93B2460E12F}.Release|Any CPU.ActiveCfg = Release|iPhone
		{F9CD03CB-26D7-444F-8C8A-C93B2460E12F}.Release|ARM.ActiveCfg = Release|iPhone
		{F9CD03CB-26D7-444F-8C8A-C93B2460E12F}.Release|iPhone.ActiveCfg = Release|iPhone
		{F9CD03CB-26D7-444F-8C8A-C93B2460E12F}.Release|iPhone.Build.0 = Release|iPhone
		{F9CD03CB-26D7-444F-8C8A-C93B2460E12F}.Release|iPhoneSimulator.ActiveCfg = Release|iPhoneSimulator
		{F9CD03CB-26D7-444F-8C8A-C93B2460E12F}.Release|iPhoneSimulator.Build.0 = Release|iPhoneSimulator
		{F9CD03CB-26D7-444F-8C8A-C93B2460E12F}.Release|x64.ActiveCfg = Release|iPhone
		{F9CD03CB-26D7-444F-8C8A-C93B2460E12F}.Release|x86.ActiveCfg = Release|iPhone
		{25FABCCD-0284-48F3-818D-1AB10AE7F7E5}.Ad-Hoc|Any CPU.ActiveCfg = Release|Any CPU
		{25FABCCD-0284-48F3-818D-1AB10AE7F7E5}.Ad-Hoc|Any CPU.Build.0 = Release|Any CPU
		{25FABCCD-0284-48F3-818D-1AB10AE7F7E5}.Ad-Hoc|Any CPU.Deploy.0 = Release|Any CPU
		{25FABCCD-0284-48F3-818D-1AB10AE7F7E5}.Ad-Hoc|ARM.ActiveCfg = Release|ARM
		{25FABCCD-0284-48F3-818D-1AB10AE7F7E5}.Ad-Hoc|ARM.Build.0 = Release|ARM
		{25FABCCD-0284-48F3-818D-1AB10AE7F7E5}.Ad-Hoc|ARM.Deploy.0 = Release|ARM
		{25FABCCD-0284-48F3-818D-1AB10AE7F7E5}.Ad-Hoc|iPhone.ActiveCfg = Release|Any CPU
		{25FABCCD-0284-48F3-818D-1AB10AE7F7E5}.Ad-Hoc|iPhone.Build.0 = Release|Any CPU
		{25FABCCD-0284-48F3-818D-1AB10AE7F7E5}.Ad-Hoc|iPhone.Deploy.0 = Release|Any CPU
		{25FABCCD-0284-48F3-818D-1AB10AE7F7E5}.Ad-Hoc|iPhoneSimulator.ActiveCfg = Release|Any CPU
		{25FABCCD-0284-48F3-818D-1AB10AE7F7E5}.Ad-Hoc|iPhoneSimulator.Build.0 = Release|Any CPU
		{25FABCCD-0284-48F3-818D-1AB10AE7F7E5}.Ad-Hoc|iPhoneSimulator.Deploy.0 = Release|Any CPU
		{25FABCCD-0284-48F3-818D-1AB10AE7F7E5}.Ad-Hoc|x64.ActiveCfg = Release|Any CPU
		{25FABCCD-0284-48F3-818D-1AB10AE7F7E5}.Ad-Hoc|x64.Build.0 = Release|Any CPU
		{25FABCCD-0284-48F3-818D-1AB10AE7F7E5}.Ad-Hoc|x64.Deploy.0 = Release|Any CPU
		{25FABCCD-0284-48F3-818D-1AB10AE7F7E5}.Ad-Hoc|x86.ActiveCfg = Release|x86
		{25FABCCD-0284-48F3-818D-1AB10AE7F7E5}.Ad-Hoc|x86.Build.0 = Release|x86
		{25FABCCD-0284-48F3-818D-1AB10AE7F7E5}.Ad-Hoc|x86.Deploy.0 = Release|x86
		{25FABCCD-0284-48F3-818D-1AB10AE7F7E5}.AppStore|Any CPU.ActiveCfg = Release|Any CPU
		{25FABCCD-0284-48F3-818D-1AB10AE7F7E5}.AppStore|Any CPU.Build.0 = Release|Any CPU
		{25FABCCD-0284-48F3-818D-1AB10AE7F7E5}.AppStore|Any CPU.Deploy.0 = Release|Any CPU
		{25FABCCD-0284-48F3-818D-1AB10AE7F7E5}.AppStore|ARM.ActiveCfg = Release|ARM
		{25FABCCD-0284-48F3-818D-1AB10AE7F7E5}.AppStore|ARM.Build.0 = Release|ARM
		{25FABCCD-0284-48F3-818D-1AB10AE7F7E5}.AppStore|ARM.Deploy.0 = Release|ARM
		{25FABCCD-0284-48F3-818D-1AB10AE7F7E5}.AppStore|iPhone.ActiveCfg = Release|Any CPU
		{25FABCCD-0284-48F3-818D-1AB10AE7F7E5}.AppStore|iPhone.Build.0 = Release|Any CPU
		{25FABCCD-0284-48F3-818D-1AB10AE7F7E5}.AppStore|iPhone.Deploy.0 = Release|Any CPU
		{25FABCCD-0284-48F3-818D-1AB10AE7F7E5}.AppStore|iPhoneSimulator.ActiveCfg = Release|Any CPU
		{25FABCCD-0284-48F3-818D-1AB10AE7F7E5}.AppStore|iPhoneSimulator.Build.0 = Release|Any CPU
		{25FABCCD-0284-48F3-818D-1AB10AE7F7E5}.AppStore|iPhoneSimulator.Deploy.0 = Release|Any CPU
		{25FABCCD-0284-48F3-818D-1AB10AE7F7E5}.AppStore|x64.ActiveCfg = Release|Any CPU
		{25FABCCD-0284-48F3-818D-1AB10AE7F7E5}.AppStore|x64.Build.0 = Release|Any CPU
		{25FABCCD-0284-48F3-818D-1AB10AE7F7E5}.AppStore|x64.Deploy.0 = Release|Any CPU
		{25FABCCD-0284-48F3-818D-1AB10AE7F7E5}.AppStore|x86.ActiveCfg = Release|x86
		{25FABCCD-0284-48F3-818D-1AB10AE7F7E5}.AppStore|x86.Build.0 = Release|x86
		{25FABCCD-0284-48F3-818D-1AB10AE7F7E5}.AppStore|x86.Deploy.0 = Release|x86
		{25FABCCD-0284-48F3-818D-1AB10AE7F7E5}.Debug|Any CPU.ActiveCfg = Debug|Any CPU
		{25FABCCD-0284-48F3-818D-1AB10AE7F7E5}.Debug|Any CPU.Build.0 = Debug|Any CPU
		{25FABCCD-0284-48F3-818D-1AB10AE7F7E5}.Debug|Any CPU.Deploy.0 = Debug|Any CPU
		{25FABCCD-0284-48F3-818D-1AB10AE7F7E5}.Debug|ARM.ActiveCfg = Debug|ARM
		{25FABCCD-0284-48F3-818D-1AB10AE7F7E5}.Debug|ARM.Build.0 = Debug|ARM
		{25FABCCD-0284-48F3-818D-1AB10AE7F7E5}.Debug|ARM.Deploy.0 = Debug|ARM
		{25FABCCD-0284-48F3-818D-1AB10AE7F7E5}.Debug|iPhone.ActiveCfg = Debug|Any CPU
		{25FABCCD-0284-48F3-818D-1AB10AE7F7E5}.Debug|iPhone.Build.0 = Debug|Any CPU
		{25FABCCD-0284-48F3-818D-1AB10AE7F7E5}.Debug|iPhone.Deploy.0 = Debug|Any CPU
		{25FABCCD-0284-48F3-818D-1AB10AE7F7E5}.Debug|iPhoneSimulator.ActiveCfg = Debug|Any CPU
		{25FABCCD-0284-48F3-818D-1AB10AE7F7E5}.Debug|iPhoneSimulator.Build.0 = Debug|Any CPU
		{25FABCCD-0284-48F3-818D-1AB10AE7F7E5}.Debug|iPhoneSimulator.Deploy.0 = Debug|Any CPU
		{25FABCCD-0284-48F3-818D-1AB10AE7F7E5}.Debug|x64.ActiveCfg = Debug|Any CPU
		{25FABCCD-0284-48F3-818D-1AB10AE7F7E5}.Debug|x64.Build.0 = Debug|Any CPU
		{25FABCCD-0284-48F3-818D-1AB10AE7F7E5}.Debug|x64.Deploy.0 = Debug|Any CPU
		{25FABCCD-0284-48F3-818D-1AB10AE7F7E5}.Debug|x86.ActiveCfg = Debug|x86
		{25FABCCD-0284-48F3-818D-1AB10AE7F7E5}.Debug|x86.Build.0 = Debug|x86
		{25FABCCD-0284-48F3-818D-1AB10AE7F7E5}.Debug|x86.Deploy.0 = Debug|x86
		{25FABCCD-0284-48F3-818D-1AB10AE7F7E5}.Release|Any CPU.ActiveCfg = Release|Any CPU
		{25FABCCD-0284-48F3-818D-1AB10AE7F7E5}.Release|Any CPU.Build.0 = Release|Any CPU
		{25FABCCD-0284-48F3-818D-1AB10AE7F7E5}.Release|Any CPU.Deploy.0 = Release|Any CPU
		{25FABCCD-0284-48F3-818D-1AB10AE7F7E5}.Release|ARM.ActiveCfg = Release|ARM
		{25FABCCD-0284-48F3-818D-1AB10AE7F7E5}.Release|ARM.Build.0 = Release|ARM
		{25FABCCD-0284-48F3-818D-1AB10AE7F7E5}.Release|ARM.Deploy.0 = Release|ARM
		{25FABCCD-0284-48F3-818D-1AB10AE7F7E5}.Release|iPhone.ActiveCfg = Release|Any CPU
		{25FABCCD-0284-48F3-818D-1AB10AE7F7E5}.Release|iPhone.Build.0 = Release|Any CPU
		{25FABCCD-0284-48F3-818D-1AB10AE7F7E5}.Release|iPhone.Deploy.0 = Release|Any CPU
		{25FABCCD-0284-48F3-818D-1AB10AE7F7E5}.Release|iPhoneSimulator.ActiveCfg = Release|Any CPU
		{25FABCCD-0284-48F3-818D-1AB10AE7F7E5}.Release|iPhoneSimulator.Build.0 = Release|Any CPU
		{25FABCCD-0284-48F3-818D-1AB10AE7F7E5}.Release|iPhoneSimulator.Deploy.0 = Release|Any CPU
		{25FABCCD-0284-48F3-818D-1AB10AE7F7E5}.Release|x64.ActiveCfg = Release|Any CPU
		{25FABCCD-0284-48F3-818D-1AB10AE7F7E5}.Release|x64.Build.0 = Release|Any CPU
		{25FABCCD-0284-48F3-818D-1AB10AE7F7E5}.Release|x64.Deploy.0 = Release|Any CPU
		{25FABCCD-0284-48F3-818D-1AB10AE7F7E5}.Release|x86.ActiveCfg = Release|x86
		{25FABCCD-0284-48F3-818D-1AB10AE7F7E5}.Release|x86.Build.0 = Release|x86
		{25FABCCD-0284-48F3-818D-1AB10AE7F7E5}.Release|x86.Deploy.0 = Release|x86
		{6B21159D-772B-45A2-AF49-43AE47289B64}.Ad-Hoc|Any CPU.ActiveCfg = Release|x86
		{6B21159D-772B-45A2-AF49-43AE47289B64}.Ad-Hoc|Any CPU.Build.0 = Release|x86
		{6B21159D-772B-45A2-AF49-43AE47289B64}.Ad-Hoc|Any CPU.Deploy.0 = Release|x86
		{6B21159D-772B-45A2-AF49-43AE47289B64}.Ad-Hoc|ARM.ActiveCfg = Release|ARM
		{6B21159D-772B-45A2-AF49-43AE47289B64}.Ad-Hoc|ARM.Build.0 = Release|ARM
		{6B21159D-772B-45A2-AF49-43AE47289B64}.Ad-Hoc|ARM.Deploy.0 = Release|ARM
		{6B21159D-772B-45A2-AF49-43AE47289B64}.Ad-Hoc|iPhone.ActiveCfg = Release|x86
		{6B21159D-772B-45A2-AF49-43AE47289B64}.Ad-Hoc|iPhone.Build.0 = Release|x86
		{6B21159D-772B-45A2-AF49-43AE47289B64}.Ad-Hoc|iPhone.Deploy.0 = Release|x86
		{6B21159D-772B-45A2-AF49-43AE47289B64}.Ad-Hoc|iPhoneSimulator.ActiveCfg = Release|x86
		{6B21159D-772B-45A2-AF49-43AE47289B64}.Ad-Hoc|iPhoneSimulator.Build.0 = Release|x86
		{6B21159D-772B-45A2-AF49-43AE47289B64}.Ad-Hoc|iPhoneSimulator.Deploy.0 = Release|x86
		{6B21159D-772B-45A2-AF49-43AE47289B64}.Ad-Hoc|x64.ActiveCfg = Release|x64
		{6B21159D-772B-45A2-AF49-43AE47289B64}.Ad-Hoc|x64.Build.0 = Release|x64
		{6B21159D-772B-45A2-AF49-43AE47289B64}.Ad-Hoc|x64.Deploy.0 = Release|x64
		{6B21159D-772B-45A2-AF49-43AE47289B64}.Ad-Hoc|x86.ActiveCfg = Release|x86
		{6B21159D-772B-45A2-AF49-43AE47289B64}.Ad-Hoc|x86.Build.0 = Release|x86
		{6B21159D-772B-45A2-AF49-43AE47289B64}.Ad-Hoc|x86.Deploy.0 = Release|x86
		{6B21159D-772B-45A2-AF49-43AE47289B64}.AppStore|Any CPU.ActiveCfg = Release|x86
		{6B21159D-772B-45A2-AF49-43AE47289B64}.AppStore|Any CPU.Build.0 = Release|x86
		{6B21159D-772B-45A2-AF49-43AE47289B64}.AppStore|Any CPU.Deploy.0 = Release|x86
		{6B21159D-772B-45A2-AF49-43AE47289B64}.AppStore|ARM.ActiveCfg = Release|ARM
		{6B21159D-772B-45A2-AF49-43AE47289B64}.AppStore|ARM.Build.0 = Release|ARM
		{6B21159D-772B-45A2-AF49-43AE47289B64}.AppStore|ARM.Deploy.0 = Release|ARM
		{6B21159D-772B-45A2-AF49-43AE47289B64}.AppStore|iPhone.ActiveCfg = Release|x86
		{6B21159D-772B-45A2-AF49-43AE47289B64}.AppStore|iPhone.Build.0 = Release|x86
		{6B21159D-772B-45A2-AF49-43AE47289B64}.AppStore|iPhone.Deploy.0 = Release|x86
		{6B21159D-772B-45A2-AF49-43AE47289B64}.AppStore|iPhoneSimulator.ActiveCfg = Release|x86
		{6B21159D-772B-45A2-AF49-43AE47289B64}.AppStore|iPhoneSimulator.Build.0 = Release|x86
		{6B21159D-772B-45A2-AF49-43AE47289B64}.AppStore|iPhoneSimulator.Deploy.0 = Release|x86
		{6B21159D-772B-45A2-AF49-43AE47289B64}.AppStore|x64.ActiveCfg = Release|x64
		{6B21159D-772B-45A2-AF49-43AE47289B64}.AppStore|x64.Build.0 = Release|x64
		{6B21159D-772B-45A2-AF49-43AE47289B64}.AppStore|x64.Deploy.0 = Release|x64
		{6B21159D-772B-45A2-AF49-43AE47289B64}.AppStore|x86.ActiveCfg = Release|x86
		{6B21159D-772B-45A2-AF49-43AE47289B64}.AppStore|x86.Build.0 = Release|x86
		{6B21159D-772B-45A2-AF49-43AE47289B64}.AppStore|x86.Deploy.0 = Release|x86
		{6B21159D-772B-45A2-AF49-43AE47289B64}.Debug|Any CPU.ActiveCfg = Debug|x86
		{6B21159D-772B-45A2-AF49-43AE47289B64}.Debug|ARM.ActiveCfg = Debug|ARM
		{6B21159D-772B-45A2-AF49-43AE47289B64}.Debug|ARM.Build.0 = Debug|ARM
		{6B21159D-772B-45A2-AF49-43AE47289B64}.Debug|ARM.Deploy.0 = Debug|ARM
		{6B21159D-772B-45A2-AF49-43AE47289B64}.Debug|iPhone.ActiveCfg = Debug|x86
		{6B21159D-772B-45A2-AF49-43AE47289B64}.Debug|iPhoneSimulator.ActiveCfg = Debug|x86
		{6B21159D-772B-45A2-AF49-43AE47289B64}.Debug|iPhoneSimulator.Build.0 = Debug|x86
		{6B21159D-772B-45A2-AF49-43AE47289B64}.Debug|iPhoneSimulator.Deploy.0 = Debug|x86
		{6B21159D-772B-45A2-AF49-43AE47289B64}.Debug|x64.ActiveCfg = Debug|x64
		{6B21159D-772B-45A2-AF49-43AE47289B64}.Debug|x64.Build.0 = Debug|x64
		{6B21159D-772B-45A2-AF49-43AE47289B64}.Debug|x64.Deploy.0 = Debug|x64
		{6B21159D-772B-45A2-AF49-43AE47289B64}.Debug|x86.ActiveCfg = Debug|x86
		{6B21159D-772B-45A2-AF49-43AE47289B64}.Debug|x86.Build.0 = Debug|x86
		{6B21159D-772B-45A2-AF49-43AE47289B64}.Debug|x86.Deploy.0 = Debug|x86
		{6B21159D-772B-45A2-AF49-43AE47289B64}.Release|Any CPU.ActiveCfg = Release|x86
		{6B21159D-772B-45A2-AF49-43AE47289B64}.Release|ARM.ActiveCfg = Release|ARM
		{6B21159D-772B-45A2-AF49-43AE47289B64}.Release|ARM.Build.0 = Release|ARM
		{6B21159D-772B-45A2-AF49-43AE47289B64}.Release|ARM.Deploy.0 = Release|ARM
		{6B21159D-772B-45A2-AF49-43AE47289B64}.Release|iPhone.ActiveCfg = Release|x86
		{6B21159D-772B-45A2-AF49-43AE47289B64}.Release|iPhoneSimulator.ActiveCfg = Release|x86
		{6B21159D-772B-45A2-AF49-43AE47289B64}.Release|x64.ActiveCfg = Release|x64
		{6B21159D-772B-45A2-AF49-43AE47289B64}.Release|x64.Build.0 = Release|x64
		{6B21159D-772B-45A2-AF49-43AE47289B64}.Release|x64.Deploy.0 = Release|x64
		{6B21159D-772B-45A2-AF49-43AE47289B64}.Release|x86.ActiveCfg = Release|x86
		{6B21159D-772B-45A2-AF49-43AE47289B64}.Release|x86.Build.0 = Release|x86
		{6B21159D-772B-45A2-AF49-43AE47289B64}.Release|x86.Deploy.0 = Release|x86
		{CC13F32F-697A-412F-ABBA-7E1D2E37BDF7}.Ad-Hoc|Any CPU.ActiveCfg = Release|Any CPU
		{CC13F32F-697A-412F-ABBA-7E1D2E37BDF7}.Ad-Hoc|Any CPU.Build.0 = Release|Any CPU
		{CC13F32F-697A-412F-ABBA-7E1D2E37BDF7}.Ad-Hoc|Any CPU.Deploy.0 = Release|Any CPU
		{CC13F32F-697A-412F-ABBA-7E1D2E37BDF7}.Ad-Hoc|ARM.ActiveCfg = Release|ARM
		{CC13F32F-697A-412F-ABBA-7E1D2E37BDF7}.Ad-Hoc|ARM.Build.0 = Release|ARM
		{CC13F32F-697A-412F-ABBA-7E1D2E37BDF7}.Ad-Hoc|ARM.Deploy.0 = Release|ARM
		{CC13F32F-697A-412F-ABBA-7E1D2E37BDF7}.Ad-Hoc|iPhone.ActiveCfg = Release|Any CPU
		{CC13F32F-697A-412F-ABBA-7E1D2E37BDF7}.Ad-Hoc|iPhone.Build.0 = Release|Any CPU
		{CC13F32F-697A-412F-ABBA-7E1D2E37BDF7}.Ad-Hoc|iPhone.Deploy.0 = Release|Any CPU
		{CC13F32F-697A-412F-ABBA-7E1D2E37BDF7}.Ad-Hoc|iPhoneSimulator.ActiveCfg = Release|Any CPU
		{CC13F32F-697A-412F-ABBA-7E1D2E37BDF7}.Ad-Hoc|iPhoneSimulator.Build.0 = Release|Any CPU
		{CC13F32F-697A-412F-ABBA-7E1D2E37BDF7}.Ad-Hoc|iPhoneSimulator.Deploy.0 = Release|Any CPU
		{CC13F32F-697A-412F-ABBA-7E1D2E37BDF7}.Ad-Hoc|x64.ActiveCfg = Release|x64
		{CC13F32F-697A-412F-ABBA-7E1D2E37BDF7}.Ad-Hoc|x64.Build.0 = Release|x64
		{CC13F32F-697A-412F-ABBA-7E1D2E37BDF7}.Ad-Hoc|x64.Deploy.0 = Release|x64
		{CC13F32F-697A-412F-ABBA-7E1D2E37BDF7}.Ad-Hoc|x86.ActiveCfg = Release|x86
		{CC13F32F-697A-412F-ABBA-7E1D2E37BDF7}.Ad-Hoc|x86.Build.0 = Release|x86
		{CC13F32F-697A-412F-ABBA-7E1D2E37BDF7}.Ad-Hoc|x86.Deploy.0 = Release|x86
		{CC13F32F-697A-412F-ABBA-7E1D2E37BDF7}.AppStore|Any CPU.ActiveCfg = Release|Any CPU
		{CC13F32F-697A-412F-ABBA-7E1D2E37BDF7}.AppStore|Any CPU.Build.0 = Release|Any CPU
		{CC13F32F-697A-412F-ABBA-7E1D2E37BDF7}.AppStore|Any CPU.Deploy.0 = Release|Any CPU
		{CC13F32F-697A-412F-ABBA-7E1D2E37BDF7}.AppStore|ARM.ActiveCfg = Release|ARM
		{CC13F32F-697A-412F-ABBA-7E1D2E37BDF7}.AppStore|ARM.Build.0 = Release|ARM
		{CC13F32F-697A-412F-ABBA-7E1D2E37BDF7}.AppStore|ARM.Deploy.0 = Release|ARM
		{CC13F32F-697A-412F-ABBA-7E1D2E37BDF7}.AppStore|iPhone.ActiveCfg = Release|Any CPU
		{CC13F32F-697A-412F-ABBA-7E1D2E37BDF7}.AppStore|iPhone.Build.0 = Release|Any CPU
		{CC13F32F-697A-412F-ABBA-7E1D2E37BDF7}.AppStore|iPhone.Deploy.0 = Release|Any CPU
		{CC13F32F-697A-412F-ABBA-7E1D2E37BDF7}.AppStore|iPhoneSimulator.ActiveCfg = Release|Any CPU
		{CC13F32F-697A-412F-ABBA-7E1D2E37BDF7}.AppStore|iPhoneSimulator.Build.0 = Release|Any CPU
		{CC13F32F-697A-412F-ABBA-7E1D2E37BDF7}.AppStore|iPhoneSimulator.Deploy.0 = Release|Any CPU
		{CC13F32F-697A-412F-ABBA-7E1D2E37BDF7}.AppStore|x64.ActiveCfg = Release|x64
		{CC13F32F-697A-412F-ABBA-7E1D2E37BDF7}.AppStore|x64.Build.0 = Release|x64
		{CC13F32F-697A-412F-ABBA-7E1D2E37BDF7}.AppStore|x64.Deploy.0 = Release|x64
		{CC13F32F-697A-412F-ABBA-7E1D2E37BDF7}.AppStore|x86.ActiveCfg = Release|x86
		{CC13F32F-697A-412F-ABBA-7E1D2E37BDF7}.AppStore|x86.Build.0 = Release|x86
		{CC13F32F-697A-412F-ABBA-7E1D2E37BDF7}.AppStore|x86.Deploy.0 = Release|x86
		{CC13F32F-697A-412F-ABBA-7E1D2E37BDF7}.Debug|Any CPU.ActiveCfg = Debug|Any CPU
		{CC13F32F-697A-412F-ABBA-7E1D2E37BDF7}.Debug|Any CPU.Build.0 = Debug|Any CPU
		{CC13F32F-697A-412F-ABBA-7E1D2E37BDF7}.Debug|Any CPU.Deploy.0 = Debug|Any CPU
		{CC13F32F-697A-412F-ABBA-7E1D2E37BDF7}.Debug|ARM.ActiveCfg = Debug|ARM
		{CC13F32F-697A-412F-ABBA-7E1D2E37BDF7}.Debug|ARM.Build.0 = Debug|ARM
		{CC13F32F-697A-412F-ABBA-7E1D2E37BDF7}.Debug|ARM.Deploy.0 = Debug|ARM
		{CC13F32F-697A-412F-ABBA-7E1D2E37BDF7}.Debug|iPhone.ActiveCfg = Debug|Any CPU
		{CC13F32F-697A-412F-ABBA-7E1D2E37BDF7}.Debug|iPhone.Build.0 = Debug|Any CPU
		{CC13F32F-697A-412F-ABBA-7E1D2E37BDF7}.Debug|iPhone.Deploy.0 = Debug|Any CPU
		{CC13F32F-697A-412F-ABBA-7E1D2E37BDF7}.Debug|iPhoneSimulator.ActiveCfg = Debug|Any CPU
		{CC13F32F-697A-412F-ABBA-7E1D2E37BDF7}.Debug|iPhoneSimulator.Build.0 = Debug|Any CPU
		{CC13F32F-697A-412F-ABBA-7E1D2E37BDF7}.Debug|iPhoneSimulator.Deploy.0 = Debug|Any CPU
		{CC13F32F-697A-412F-ABBA-7E1D2E37BDF7}.Debug|x64.ActiveCfg = Debug|x64
		{CC13F32F-697A-412F-ABBA-7E1D2E37BDF7}.Debug|x64.Build.0 = Debug|x64
		{CC13F32F-697A-412F-ABBA-7E1D2E37BDF7}.Debug|x64.Deploy.0 = Debug|x64
		{CC13F32F-697A-412F-ABBA-7E1D2E37BDF7}.Debug|x86.ActiveCfg = Debug|x86
		{CC13F32F-697A-412F-ABBA-7E1D2E37BDF7}.Debug|x86.Build.0 = Debug|x86
		{CC13F32F-697A-412F-ABBA-7E1D2E37BDF7}.Debug|x86.Deploy.0 = Debug|x86
		{CC13F32F-697A-412F-ABBA-7E1D2E37BDF7}.Release|Any CPU.ActiveCfg = Release|Any CPU
		{CC13F32F-697A-412F-ABBA-7E1D2E37BDF7}.Release|Any CPU.Build.0 = Release|Any CPU
		{CC13F32F-697A-412F-ABBA-7E1D2E37BDF7}.Release|Any CPU.Deploy.0 = Release|Any CPU
		{CC13F32F-697A-412F-ABBA-7E1D2E37BDF7}.Release|ARM.ActiveCfg = Release|ARM
		{CC13F32F-697A-412F-ABBA-7E1D2E37BDF7}.Release|ARM.Build.0 = Release|ARM
		{CC13F32F-697A-412F-ABBA-7E1D2E37BDF7}.Release|ARM.Deploy.0 = Release|ARM
		{CC13F32F-697A-412F-ABBA-7E1D2E37BDF7}.Release|iPhone.ActiveCfg = Release|Any CPU
		{CC13F32F-697A-412F-ABBA-7E1D2E37BDF7}.Release|iPhone.Build.0 = Release|Any CPU
		{CC13F32F-697A-412F-ABBA-7E1D2E37BDF7}.Release|iPhone.Deploy.0 = Release|Any CPU
		{CC13F32F-697A-412F-ABBA-7E1D2E37BDF7}.Release|iPhoneSimulator.ActiveCfg = Release|Any CPU
		{CC13F32F-697A-412F-ABBA-7E1D2E37BDF7}.Release|iPhoneSimulator.Build.0 = Release|Any CPU
		{CC13F32F-697A-412F-ABBA-7E1D2E37BDF7}.Release|iPhoneSimulator.Deploy.0 = Release|Any CPU
		{CC13F32F-697A-412F-ABBA-7E1D2E37BDF7}.Release|x64.ActiveCfg = Release|x64
		{CC13F32F-697A-412F-ABBA-7E1D2E37BDF7}.Release|x64.Build.0 = Release|x64
		{CC13F32F-697A-412F-ABBA-7E1D2E37BDF7}.Release|x64.Deploy.0 = Release|x64
		{CC13F32F-697A-412F-ABBA-7E1D2E37BDF7}.Release|x86.ActiveCfg = Release|x86
		{CC13F32F-697A-412F-ABBA-7E1D2E37BDF7}.Release|x86.Build.0 = Release|x86
		{CC13F32F-697A-412F-ABBA-7E1D2E37BDF7}.Release|x86.Deploy.0 = Release|x86
		{9BEED28F-2BF4-45FF-AB01-B3DBF1B4CD46}.Ad-Hoc|Any CPU.ActiveCfg = Release|Any CPU
		{9BEED28F-2BF4-45FF-AB01-B3DBF1B4CD46}.Ad-Hoc|Any CPU.Build.0 = Release|Any CPU
		{9BEED28F-2BF4-45FF-AB01-B3DBF1B4CD46}.Ad-Hoc|ARM.ActiveCfg = Release|Any CPU
		{9BEED28F-2BF4-45FF-AB01-B3DBF1B4CD46}.Ad-Hoc|ARM.Build.0 = Release|Any CPU
		{9BEED28F-2BF4-45FF-AB01-B3DBF1B4CD46}.Ad-Hoc|iPhone.ActiveCfg = Release|Any CPU
		{9BEED28F-2BF4-45FF-AB01-B3DBF1B4CD46}.Ad-Hoc|iPhone.Build.0 = Release|Any CPU
		{9BEED28F-2BF4-45FF-AB01-B3DBF1B4CD46}.Ad-Hoc|iPhoneSimulator.ActiveCfg = Release|Any CPU
		{9BEED28F-2BF4-45FF-AB01-B3DBF1B4CD46}.Ad-Hoc|iPhoneSimulator.Build.0 = Release|Any CPU
		{9BEED28F-2BF4-45FF-AB01-B3DBF1B4CD46}.Ad-Hoc|x64.ActiveCfg = Release|Any CPU
		{9BEED28F-2BF4-45FF-AB01-B3DBF1B4CD46}.Ad-Hoc|x64.Build.0 = Release|Any CPU
		{9BEED28F-2BF4-45FF-AB01-B3DBF1B4CD46}.Ad-Hoc|x86.ActiveCfg = Release|Any CPU
		{9BEED28F-2BF4-45FF-AB01-B3DBF1B4CD46}.Ad-Hoc|x86.Build.0 = Release|Any CPU
		{9BEED28F-2BF4-45FF-AB01-B3DBF1B4CD46}.AppStore|Any CPU.ActiveCfg = Release|Any CPU
		{9BEED28F-2BF4-45FF-AB01-B3DBF1B4CD46}.AppStore|Any CPU.Build.0 = Release|Any CPU
		{9BEED28F-2BF4-45FF-AB01-B3DBF1B4CD46}.AppStore|ARM.ActiveCfg = Release|Any CPU
		{9BEED28F-2BF4-45FF-AB01-B3DBF1B4CD46}.AppStore|ARM.Build.0 = Release|Any CPU
		{9BEED28F-2BF4-45FF-AB01-B3DBF1B4CD46}.AppStore|iPhone.ActiveCfg = Release|Any CPU
		{9BEED28F-2BF4-45FF-AB01-B3DBF1B4CD46}.AppStore|iPhone.Build.0 = Release|Any CPU
		{9BEED28F-2BF4-45FF-AB01-B3DBF1B4CD46}.AppStore|iPhoneSimulator.ActiveCfg = Release|Any CPU
		{9BEED28F-2BF4-45FF-AB01-B3DBF1B4CD46}.AppStore|iPhoneSimulator.Build.0 = Release|Any CPU
		{9BEED28F-2BF4-45FF-AB01-B3DBF1B4CD46}.AppStore|x64.ActiveCfg = Release|Any CPU
		{9BEED28F-2BF4-45FF-AB01-B3DBF1B4CD46}.AppStore|x64.Build.0 = Release|Any CPU
		{9BEED28F-2BF4-45FF-AB01-B3DBF1B4CD46}.AppStore|x86.ActiveCfg = Release|Any CPU
		{9BEED28F-2BF4-45FF-AB01-B3DBF1B4CD46}.AppStore|x86.Build.0 = Release|Any CPU
		{9BEED28F-2BF4-45FF-AB01-B3DBF1B4CD46}.Debug|Any CPU.ActiveCfg = Debug|Any CPU
		{9BEED28F-2BF4-45FF-AB01-B3DBF1B4CD46}.Debug|Any CPU.Build.0 = Debug|Any CPU
		{9BEED28F-2BF4-45FF-AB01-B3DBF1B4CD46}.Debug|ARM.ActiveCfg = Debug|Any CPU
		{9BEED28F-2BF4-45FF-AB01-B3DBF1B4CD46}.Debug|ARM.Build.0 = Debug|Any CPU
		{9BEED28F-2BF4-45FF-AB01-B3DBF1B4CD46}.Debug|iPhone.ActiveCfg = Debug|Any CPU
		{9BEED28F-2BF4-45FF-AB01-B3DBF1B4CD46}.Debug|iPhone.Build.0 = Debug|Any CPU
		{9BEED28F-2BF4-45FF-AB01-B3DBF1B4CD46}.Debug|iPhoneSimulator.ActiveCfg = Debug|Any CPU
		{9BEED28F-2BF4-45FF-AB01-B3DBF1B4CD46}.Debug|iPhoneSimulator.Build.0 = Debug|Any CPU
		{9BEED28F-2BF4-45FF-AB01-B3DBF1B4CD46}.Debug|x64.ActiveCfg = Debug|Any CPU
		{9BEED28F-2BF4-45FF-AB01-B3DBF1B4CD46}.Debug|x64.Build.0 = Debug|Any CPU
		{9BEED28F-2BF4-45FF-AB01-B3DBF1B4CD46}.Debug|x86.ActiveCfg = Debug|Any CPU
		{9BEED28F-2BF4-45FF-AB01-B3DBF1B4CD46}.Debug|x86.Build.0 = Debug|Any CPU
		{9BEED28F-2BF4-45FF-AB01-B3DBF1B4CD46}.Release|Any CPU.ActiveCfg = Release|Any CPU
		{9BEED28F-2BF4-45FF-AB01-B3DBF1B4CD46}.Release|Any CPU.Build.0 = Release|Any CPU
		{9BEED28F-2BF4-45FF-AB01-B3DBF1B4CD46}.Release|ARM.ActiveCfg = Release|Any CPU
		{9BEED28F-2BF4-45FF-AB01-B3DBF1B4CD46}.Release|ARM.Build.0 = Release|Any CPU
		{9BEED28F-2BF4-45FF-AB01-B3DBF1B4CD46}.Release|iPhone.ActiveCfg = Release|Any CPU
		{9BEED28F-2BF4-45FF-AB01-B3DBF1B4CD46}.Release|iPhone.Build.0 = Release|Any CPU
		{9BEED28F-2BF4-45FF-AB01-B3DBF1B4CD46}.Release|iPhoneSimulator.ActiveCfg = Release|Any CPU
		{9BEED28F-2BF4-45FF-AB01-B3DBF1B4CD46}.Release|iPhoneSimulator.Build.0 = Release|Any CPU
		{9BEED28F-2BF4-45FF-AB01-B3DBF1B4CD46}.Release|x64.ActiveCfg = Release|Any CPU
		{9BEED28F-2BF4-45FF-AB01-B3DBF1B4CD46}.Release|x64.Build.0 = Release|Any CPU
		{9BEED28F-2BF4-45FF-AB01-B3DBF1B4CD46}.Release|x86.ActiveCfg = Release|Any CPU
		{9BEED28F-2BF4-45FF-AB01-B3DBF1B4CD46}.Release|x86.Build.0 = Release|Any CPU
	EndGlobalSection
	GlobalSection(SolutionProperties) = preSolution
		HideSolutionNode = FALSE
	EndGlobalSection
EndGlobal
